{
    "_readme": [
        "This file locks the dependencies of your project to a known state",
        "Read more about it at http://getcomposer.org/doc/01-basic-usage.md#composer-lock-the-lock-file",
        "This file is @generated automatically"
    ],
    "hash": "5c45bc9f2b37bb9ad55265402a26285f",
    "packages": [
        {
            "name": "constructions-incongrues/ananas-build-toolkit",
            "version": "0.15.0",
            "source": {
                "type": "git",
                "url": "https://github.com/constructions-incongrues/ananas-build-toolkit.git",
                "reference": "0.15.0"
            },
            "dist": {
                "type": "zip",
                "url": "https://github.com/constructions-incongrues/ananas-build-toolkit/zipball/0.15.0",
                "reference": "0.15.0",
                "shasum": ""
            },
            "type": "library",
            "description": "L'Ananas Build Toolkit est un framework de configuration et de déploiement de projet logiciel.",
            "homepage": "http://constructions-incongrues.github.com/ananas-build-toolkit/",
            "support": {
                "issues": "https://github.com/constructions-incongrues/ananas-build-toolkit/issues",
                "source": "https://github.com/constructions-incongrues/ananas-build-toolkit"
            },
            "time": "2014-09-10 12:30:32"
        },
        {
            "name": "swiftmailer/swiftmailer",
            "version": "v4.1.8",
            "source": {
                "type": "git",
                "url": "https://github.com/swiftmailer/swiftmailer.git",
                "reference": "28ac862c8d5ccbe5c7ee8cecc07e1ca9d5195b56"
            },
            "dist": {
                "type": "zip",
                "url": "https://api.github.com/repos/swiftmailer/swiftmailer/zipball/28ac862c8d5ccbe5c7ee8cecc07e1ca9d5195b56",
                "reference": "28ac862c8d5ccbe5c7ee8cecc07e1ca9d5195b56",
                "shasum": ""
            },
            "require": {
                "php": ">=5.2.4"
            },
            "type": "library",
            "extra": {
                "branch-alias": {
                    "dev-master": "4.1-dev"
                }
            },
            "autoload": {
                "files": [
                    "lib/swift_required.php"
                ]
            },
            "notification-url": "https://packagist.org/downloads/",
            "license": [
                "LGPL"
            ],
            "authors": [
                {
                    "name": "Fabien Potencier",
                    "email": "fabien@symfony.com",
                    "homepage": "http://fabien.potencier.org",
                    "role": "Lead Developer"
                },
                {
                    "name": "Chris Corbyn"
                }
            ],
            "description": "Swiftmailer, free feature-rich PHP mailer",
            "homepage": "http://swiftmailer.org",
            "keywords": [
                "mail",
                "mailer"
            ],
            "time": "2012-06-17 20:55:34"
        },
        {
            "name": "symfony/symfony1",
            "version": "v1.4.20",
            "source": {
                "type": "git",
                "url": "https://github.com/hostnet/symfony1.git",
                "reference": "75664fa9120db962f2fa29dc21428842f71e18bb"
            },
            "dist": {
                "type": "zip",
                "url": "https://api.github.com/repos/hostnet/symfony1/zipball/75664fa9120db962f2fa29dc21428842f71e18bb",
                "reference": "75664fa9120db962f2fa29dc21428842f71e18bb",
                "shasum": ""
            },
            "type": "library",
            "notification-url": "https://packagist.org/downloads/",
            "license": [
                "MIT"
            ],
            "authors": [
                {
                    "name": "Fabien Potencier",
                    "email": "fabien@symfony.com",
                    "homepage": "http://fabien.potencier.org",
                    "role": "Lead Developer"
                }
            ],
            "description": "Symfony is a complete framework designed to optimize the development of web applications by way of several key features. For starters, it separates a web application's business rules, server logic, and presentation views. It contains numerous tools and classes aimed at shortening the development time of a complex web application. Additionally, it automates common tasks so that the developer can focus entirely on the specifics of an application. The end result of these advantages means there is no need to reinvent the wheel every time a new web application is built!",
            "time": "2012-11-26 15:31:15"
        },
        {
            "name": "zendframework/zendframework1",
            "version": "1.12.10",
            "source": {
                "type": "git",
                "url": "https://github.com/zendframework/zf1.git",
                "reference": "60567ad6d0eb2f216a88d2d87069f25be3d9a010"
            },
            "dist": {
                "type": "zip",
                "url": "https://api.github.com/repos/zendframework/zf1/zipball/60567ad6d0eb2f216a88d2d87069f25be3d9a010",
                "reference": "60567ad6d0eb2f216a88d2d87069f25be3d9a010",
                "shasum": ""
            },
            "require": {
                "php": ">=5.2.11"
            },
            "require-dev": {
                "phpunit/dbunit": "1.3.*",
                "phpunit/phpunit": "3.7.*"
            },
            "type": "library",
            "extra": {
                "branch-alias": {
                    "dev-master": "1.12.x-dev"
                }
            },
            "autoload": {
                "psr-0": {
                    "Zend_": "library/"
                }
            },
            "notification-url": "https://packagist.org/downloads/",
            "include-path": [
                "library/"
            ],
            "license": [
                "BSD-3-Clause"
            ],
            "description": "Zend Framework 1",
            "homepage": "http://framework.zend.com/",
            "keywords": [
                "ZF1",
                "framework"
            ],
            "time": "2015-01-14 19:44:24"
        }
    ],
    "packages-dev": [],
    "aliases": [],
    "minimum-stability": "stable",
    "stability-flags": [],
    "prefer-stable": false,
    "prefer-lowest": false,
    "platform": [],
    "platform-dev": []
}
